// !$*UTF8*$!
{
	archiveVersion = 1;
	classes = {
	};
	objectVersion = 48;
	objects = {

/* Begin PBXBuildFile section */
		1A3CC8EA1F54CEB700248D67 /* AppDelegate.swift in Sources */ = {isa = PBXBuildFile; fileRef = 1A3CC8E91F54CEB700248D67 /* AppDelegate.swift */; };
		1A3CC8EC1F54CEB700248D67 /* ViewController.swift in Sources */ = {isa = PBXBuildFile; fileRef = 1A3CC8EB1F54CEB700248D67 /* ViewController.swift */; };
		1A3CC8EF1F54CEB700248D67 /* Main.storyboard in Resources */ = {isa = PBXBuildFile; fileRef = 1A3CC8ED1F54CEB700248D67 /* Main.storyboard */; };
		1A3CC8F11F54CEB700248D67 /* Assets.xcassets in Resources */ = {isa = PBXBuildFile; fileRef = 1A3CC8F01F54CEB700248D67 /* Assets.xcassets */; };
		1A3CC8F41F54CEB700248D67 /* LaunchScreen.storyboard in Resources */ = {isa = PBXBuildFile; fileRef = 1A3CC8F21F54CEB700248D67 /* LaunchScreen.storyboard */; };
		1A3CC8FD1F54CF1E00248D67 /* graph_shader.metal in Sources */ = {isa = PBXBuildFile; fileRef = 1A3CC8FB1F54CF1E00248D67 /* graph_shader.metal */; };
		1A3CC8FE1F54CF1E00248D67 /* GraphView.swift in Sources */ = {isa = PBXBuildFile; fileRef = 1A3CC8FC1F54CF1E00248D67 /* GraphView.swift */; };
/* End PBXBuildFile section */

/* Begin PBXFileReference section */
		1A3CC8E61F54CEB700248D67 /* GraphView iOS.app */ = {isa = PBXFileReference; explicitFileType = wrapper.application; includeInIndex = 0; path = "GraphView iOS.app"; sourceTree = BUILT_PRODUCTS_DIR; };
		1A3CC8E91F54CEB700248D67 /* AppDelegate.swift */ = {isa = PBXFileReference; lastKnownFileType = sourcecode.swift; path = AppDelegate.swift; sourceTree = "<group>"; };
		1A3CC8EB1F54CEB700248D67 /* ViewController.swift */ = {isa = PBXFileReference; lastKnownFileType = sourcecode.swift; path = ViewController.swift; sourceTree = "<group>"; };
		1A3CC8EE1F54CEB700248D67 /* Base */ = {isa = PBXFileReference; lastKnownFileType = file.storyboard; name = Base; path = Base.lproj/Main.storyboard; sourceTree = "<group>"; };
		1A3CC8F01F54CEB700248D67 /* Assets.xcassets */ = {isa = PBXFileReference; lastKnownFileType = folder.assetcatalog; path = Assets.xcassets; sourceTree = "<group>"; };
		1A3CC8F31F54CEB700248D67 /* Base */ = {isa = PBXFileReference; lastKnownFileType = file.storyboard; name = Base; path = Base.lproj/LaunchScreen.storyboard; sourceTree = "<group>"; };
		1A3CC8F51F54CEB700248D67 /* Info.plist */ = {isa = PBXFileReference; lastKnownFileType = text.plist.xml; path = Info.plist; sourceTree = "<group>"; };
		1A3CC8FB1F54CF1E00248D67 /* graph_shader.metal */ = {isa = PBXFileReference; lastKnownFileType = sourcecode.metal; name = graph_shader.metal; path = ../../../graph_shader.metal; sourceTree = "<group>"; };
		1A3CC8FC1F54CF1E00248D67 /* GraphView.swift */ = {isa = PBXFileReference; lastKnownFileType = sourcecode.swift; name = GraphView.swift; path = ../../../GraphView.swift; sourceTree = "<group>"; };
/* End PBXFileReference section */

/* Begin PBXFrameworksBuildPhase section */
		1A3CC8E31F54CEB700248D67 /* Frameworks */ = {
			isa = PBXFrameworksBuildPhase;
			buildActionMask = 2147483647;
			files = (
			);
			runOnlyForDeploymentPostprocessing = 0;
		};
/* End PBXFrameworksBuildPhase section */

/* Begin PBXGroup section */
		1A3CC8DD1F54CEB700248D67 = {
			isa = PBXGroup;
			children = (
				1A3CC8E81F54CEB700248D67 /* GraphView iOS */,
				1A3CC8E71F54CEB700248D67 /* Products */,
			);
			sourceTree = "<group>";
		};
		1A3CC8E71F54CEB700248D67 /* Products */ = {
			isa = PBXGroup;
			children = (
				1A3CC8E61F54CEB700248D67 /* GraphView iOS.app */,
			);
			name = Products;
			sourceTree = "<group>";
		};
		1A3CC8E81F54CEB700248D67 /* GraphView iOS */ = {
			isa = PBXGroup;
			children = (
				1A3CC8E91F54CEB700248D67 /* AppDelegate.swift */,
				1A3CC8EB1F54CEB700248D67 /* ViewController.swift */,
				1A3CC8FB1F54CF1E00248D67 /* graph_shader.metal */,
				1A3CC8FC1F54CF1E00248D67 /* GraphView.swift */,
				1A3CC8ED1F54CEB700248D67 /* Main.storyboard */,
				1A3CC8F01F54CEB700248D67 /* Assets.xcassets */,
				1A3CC8F21F54CEB700248D67 /* LaunchScreen.storyboard */,
				1A3CC8F51F54CEB700248D67 /* Info.plist */,
			);
			path = "GraphView iOS";
			sourceTree = "<group>";
		};
/* End PBXGroup section */

/* Begin PBXNativeTarget section */
		1A3CC8E51F54CEB700248D67 /* GraphView iOS */ = {
			isa = PBXNativeTarget;
			buildConfigurationList = 1A3CC8F81F54CEB700248D67 /* Build configuration list for PBXNativeTarget "GraphView iOS" */;
			buildPhases = (
				1A3CC8E21F54CEB700248D67 /* Sources */,
				1A3CC8E31F54CEB700248D67 /* Frameworks */,
				1A3CC8E41F54CEB700248D67 /* Resources */,
			);
			buildRules = (
			);
			dependencies = (
			);
			name = "GraphView iOS";
			productName = "GraphView iOS";
			productReference = 1A3CC8E61F54CEB700248D67 /* GraphView iOS.app */;
			productType = "com.apple.product-type.application";
		};
/* End PBXNativeTarget section */

/* Begin PBXProject section */
		1A3CC8DE1F54CEB700248D67 /* Project object */ = {
			isa = PBXProject;
			attributes = {
				LastSwiftUpdateCheck = 0900;
				LastUpgradeCheck = 0900;
				ORGANIZATIONNAME = "Vegard Solheim Theriault";
				TargetAttributes = {
					1A3CC8E51F54CEB700248D67 = {
						CreatedOnToolsVersion = 9.0;
						ProvisioningStyle = Automatic;
					};
				};
			};
			buildConfigurationList = 1A3CC8E11F54CEB700248D67 /* Build configuration list for PBXProject "GraphView iOS" */;
			compatibilityVersion = "Xcode 8.0";
			developmentRegion = en;
			hasScannedForEncodings = 0;
			knownRegions = (
				en,
				Base,
			);
			mainGroup = 1A3CC8DD1F54CEB700248D67;
			productRefGroup = 1A3CC8E71F54CEB700248D67 /* Products */;
			projectDirPath = "";
			projectRoot = "";
			targets = (
				1A3CC8E51F54CEB700248D67 /* GraphView iOS */,
			);
		};
/* End PBXProject section */

/* Begin PBXResourcesBuildPhase section */
		1A3CC8E41F54CEB700248D67 /* Resources */ = {
			isa = PBXResourcesBuildPhase;
			buildActionMask = 2147483647;
			files = (
				1A3CC8F41F54CEB700248D67 /* LaunchScreen.storyboard in Resources */,
				1A3CC8F11F54CEB700248D67 /* Assets.xcassets in Resources */,
				1A3CC8EF1F54CEB700248D67 /* Main.storyboard in Resources */,
			);
			runOnlyForDeploymentPostprocessing = 0;
		};
/* End PBXResourcesBuildPhase section */

/* Begin PBXSourcesBuildPhase section */
		1A3CC8E21F54CEB700248D67 /* Sources */ = {
			isa = PBXSourcesBuildPhase;
			buildActionMask = 2147483647;
			files = (
				1A3CC8EC1F54CEB700248D67 /* ViewController.swift in Sources */,
				1A3CC8FD1F54CF1E00248D67 /* graph_shader.metal in Sources */,
				1A3CC8EA1F54CEB700248D67 /* AppDelegate.swift in Sources */,
				1A3CC8FE1F54CF1E00248D67 /* GraphView.swift in Sources */,
			);
			runOnlyForDeploymentPostprocessing = 0;
		};
/* End PBXSourcesBuildPhase section */

/* Begin PBXVariantGroup section */
		1A3CC8ED1F54CEB700248D67 /* Main.storyboard */ = {
			isa = PBXVariantGroup;
			children = (
				1A3CC8EE1F54CEB700248D67 /* Base */,
			);
			name = Main.storyboard;
			sourceTree = "<group>";
		};
		1A3CC8F21F54CEB700248D67 /* LaunchScreen.storyboard */ = {
			isa = PBXVariantGroup;
			children = (
				1A3CC8F31F54CEB700248D67 /* Base */,
			);
			name = LaunchScreen.storyboard;
			sourceTree = "<group>";
		};
/* End PBXVariantGroup section */

/* Begin XCBuildConfiguration section */
		1A3CC8F61F54CEB700248D67 /* Debug */ = {
			isa = XCBuildConfiguration;
			buildSettings = {
				ALWAYS_SEARCH_USER_PATHS = NO;
				CLANG_ANALYZER_NONNULL = YES;
				CLANG_ANALYZER_NUMBER_OBJECT_CONVERSION = YES_AGGRESSIVE;
				CLANG_CXX_LANGUAGE_STANDARD = "gnu++14";
				CLANG_CXX_LIBRARY = "libc++";
				CLANG_ENABLE_MODULES = YES;
				CLANG_ENABLE_OBJC_ARC = YES;
				CLANG_WARN_BLOCK_CAPTURE_AUTORELEASING = YES;
				CLANG_WARN_BOOL_CONVERSION = YES;
				CLANG_WARN_COMMA = YES;
				CLANG_WARN_CONSTANT_CONVERSION = YES;
				CLANG_WARN_DIRECT_OBJC_ISA_USAGE = YES_ERROR;
				CLANG_WARN_DOCUMENTATION_COMMENTS = YES;
				CLANG_WARN_EMPTY_BODY = YES;
				CLANG_WARN_ENUM_CONVERSION = YES;
				CLANG_WARN_INFINITE_RECURSION = YES;
				CLANG_WARN_INT_CONVERSION = YES;
				CLANG_WARN_NON_LITERAL_NULL_CONVERSION = YES;
				CLANG_WARN_OBJC_LITERAL_CONVERSION = YES;
				CLANG_WARN_OBJC_ROOT_CLASS = YES_ERROR;
				CLANG_WARN_RANGE_LOOP_ANALYSIS = YES;
				CLANG_WARN_STRICT_PROTOTYPES = YES;
				CLANG_WARN_SUSPICIOUS_MOVE = YES;
				CLANG_WARN_UNGUARDED_AVAILABILITY = YES_AGGRESSIVE;
				CLANG_WARN_UNREACHABLE_CODE = YES;
				CLANG_WARN__DUPLICATE_METHOD_MATCH = YES;
				CODE_SIGN_IDENTITY = "iPhone Developer";
				COPY_PHASE_STRIP = NO;
				DEBUG_INFORMATION_FORMAT = dwarf;
				ENABLE_STRICT_OBJC_MSGSEND = YES;
				ENABLE_TESTABILITY = YES;
				GCC_C_LANGUAGE_STANDARD = gnu11;
				GCC_DYNAMIC_NO_PIC = NO;
				GCC_NO_COMMON_BLOCKS = YES;
				GCC_OPTIMIZATION_LEVEL = 0;
				GCC_PREPROCESSOR_DEFINITIONS = (
					"DEBUG=1",
					"$(inherited)",
				);
				GCC_WARN_64_TO_32_BIT_CONVERSION = YES;
				GCC_WARN_ABOUT_RETURN_TYPE = YES_ERROR;
				GCC_WARN_UNDECLARED_SELECTOR = YES;
				GCC_WARN_UNINITIALIZED_AUTOS = YES_AGGRESSIVE;
				GCC_WARN_UNUSED_FUNCTION = YES;
				GCC_WARN_UNUSED_VARIABLE = YES;
				IPHONEOS_DEPLOYMENT_TARGET = 11.0;
				MTL_ENABLE_DEBUG_INFO = YES;
				ONLY_ACTIVE_ARCH = YES;
				SDKROOT = iphoneos;
				SWIFT_ACTIVE_COMPILATION_CONDITIONS = DEBUG;
				SWIFT_OPTIMIZATION_LEVEL = "-Onone";
			};
			name = Debug;
		};
		1A3CC8F71F54CEB700248D67 /* Release */ = {
			isa = XCBuildConfiguration;
			buildSettings = {
				ALWAYS_SEARCH_USER_PATHS = NO;
				CLANG_ANALYZER_NONNULL = YES;
				CLANG_ANALYZER_NUMBER_OBJECT_CONVERSION = YES_AGGRESSIVE;
				CLANG_CXX_LANGUAGE_STANDARD = "gnu++14";
				CLANG_CXX_LIBRARY = "libc++";
				CLANG_ENABLE_MODULES = YES;
				CLANG_ENABLE_OBJC_ARC = YES;
				CLANG_WARN_BLOCK_CAPTURE_AUTORELEASING = YES;
				CLANG_WARN_BOOL_CONVERSION = YES;
				CLANG_WARN_COMMA = YES;
				CLANG_WARN_CONSTANT_CONVERSION = YES;
				CLANG_WARN_DIRECT_OBJC_ISA_USAGE = YES_ERROR;
				CLANG_WARN_DOCUMENTATION_COMMENTS = YES;
				CLANG_WARN_EMPTY_BODY = YES;
				CLANG_WARN_ENUM_CONVERSION = YES;
				CLANG_WARN_INFINITE_RECURSION = YES;
				CLANG_WARN_INT_CONVERSION = YES;
				CLANG_WARN_NON_LITERAL_NULL_CONVERSION = YES;
				CLANG_WARN_OBJC_LITERAL_CONVERSION = YES;
				CLANG_WARN_OBJC_ROOT_CLASS = YES_ERROR;
				CLANG_WARN_RANGE_LOOP_ANALYSIS = YES;
				CLANG_WARN_STRICT_PROTOTYPES = YES;
				CLANG_WARN_SUSPICIOUS_MOVE = YES;
				CLANG_WARN_UNGUARDED_AVAILABILITY = YES_AGGRESSIVE;
				CLANG_WARN_UNREACHABLE_CODE = YES;
				CLANG_WARN__DUPLICATE_METHOD_MATCH = YES;
				CODE_SIGN_IDENTITY = "iPhone Developer";
				COPY_PHASE_STRIP = NO;
				DEBUG_INFORMATION_FORMAT = "dwarf-with-dsym";
				ENABLE_NS_ASSERTIONS = NO;
				ENABLE_STRICT_OBJC_MSGSEND = YES;
				GCC_C_LANGUAGE_STANDARD = gnu11;
				GCC_NO_COMMON_BLOCKS = YES;
				GCC_WARN_64_TO_32_BIT_CONVERSION = YES;
				GCC_WARN_ABOUT_RETURN_TYPE = YES_ERROR;
				GCC_WARN_UNDECLARED_SELECTOR = YES;
				GCC_WARN_UNINITIALIZED_AUTOS = YES_AGGRESSIVE;
				GCC_WARN_UNUSED_FUNCTION = YES;
				GCC_WARN_UNUSED_VARIABLE = YES;
				IPHONEOS_DEPLOYMENT_TARGET = 11.0;
				MTL_ENABLE_DEBUG_INFO = NO;
				SDKROOT = iphoneos;
				SWIFT_OPTIMIZATION_LEVEL = "-Owholemodule";
				VALIDATE_PRODUCT = YES;
			};
			name = Release;
		};
		1A3CC8F91F54CEB700248D67 /* Debug */ = {
			isa = XCBuildConfiguration;
			buildSettings = {
				ASSETCATALOG_COMPILER_APPICON_NAME = AppIcon;
				CODE_SIGN_STYLE = Automatic;
				DEVELOPMENT_TEAM = 7C938P24Q2;
				INFOPLIST_FILE = "GraphView iOS/Info.plist";
				IPHONEOS_DEPLOYMENT_TARGET = 10.3;
				LD_RUNPATH_SEARCH_PATHS = "$(inherited) @executable_path/Frameworks";
				PRODUCT_BUNDLE_IDENTIFIER = "com.vegather.GraphView-iOS";
				PRODUCT_NAME = "$(TARGET_NAME)";
				SWIFT_VERSION = 4.0;
				TARGETED_DEVICE_FAMILY = "1,2";
			};
			name = Debug;
		};
		1A3CC8FA1F54CEB700248D67 /* Release */ = {
			isa = XCBuildConfiguration;
			buildSettings = {
				ASSETCATALOG_COMPILER_APPICON_NAME = AppIcon;
				CODE_SIGN_STYLE = Automatic;
				DEVELOPMENT_TEAM = 7C938P24Q2;
				INFOPLIST_FILE = "GraphView iOS/Info.plist";
				IPHONEOS_DEPLOYMENT_TARGET = 10.3;
				LD_RUNPATH_SEARCH_PATHS = "$(inherited) @executable_path/Frameworks";
				PRODUCT_BUNDLE_IDENTIFIER = "com.vegather.GraphView-iOS";
				PRODUCT_NAME = "$(TARGET_NAME)";
				SWIFT_VERSION = 4.0;
				TARGETED_DEVICE_FAMILY = "1,2";
			};
			name = Release;
		};
/* End XCBuildConfiguration section */

/* Begin XCConfigurationList section */
		1A3CC8E11F54CEB700248D67 /* Build configuration list for PBXProject "GraphView iOS" */ = {
			isa = XCConfigurationList;
			buildConfigurations = (
				1A3CC8F61F54CEB700248D67 /* Debug */,
				1A3CC8F71F54CEB700248D67 /* Release */,
			);
			defaultConfigurationIsVisible = 0;
			defaultConfigurationName = Release;
		};
		1A3CC8F81F54CEB700248D67 /* Build configuration list for PBXNativeTarget "GraphView iOS" */ = {
			isa = XCConfigurationList;
			buildConfigurations = (
				1A3CC8F91F54CEB700248D67 /* Debug */,
				1A3CC8FA1F54CEB700248D67 /* Release */,
			);
			defaultConfigurationIsVisible = 0;
			defaultConfigurationName = Release;
		};
/* End XCConfigurationList section */
	};
	rootObject = 1A3CC8DE1F54CEB700248D67 /* Project object */;
}
