// !$*UTF8*$!
{
	archiveVersion = 1;
	classes = {
	};
	objectVersion = 46;
	objects = {

/* Begin PBXBuildFile section */
		9A2555A71C83819000951A57 /* AppDelegate.swift in Sources */ = {isa = PBXBuildFile; fileRef = 9A2555A61C83819000951A57 /* AppDelegate.swift */; };
		9A2555A91C83819000951A57 /* ViewController.swift in Sources */ = {isa = PBXBuildFile; fileRef = 9A2555A81C83819000951A57 /* ViewController.swift */; };
		9A2555AC1C83819000951A57 /* Main.storyboard in Resources */ = {isa = PBXBuildFile; fileRef = 9A2555AA1C83819000951A57 /* Main.storyboard */; };
		9A2555AE1C83819000951A57 /* Assets.xcassets in Resources */ = {isa = PBXBuildFile; fileRef = 9A2555AD1C83819000951A57 /* Assets.xcassets */; };
		9A2555B11C83819000951A57 /* LaunchScreen.storyboard in Resources */ = {isa = PBXBuildFile; fileRef = 9A2555AF1C83819000951A57 /* LaunchScreen.storyboard */; };
		9A2555B91C83819D00951A57 /* MOONGraphView.swift in Sources */ = {isa = PBXBuildFile; fileRef = 9A2555B81C83819D00951A57 /* MOONGraphView.swift */; };
/* End PBXBuildFile section */

/* Begin PBXFileReference section */
		9A2555A31C83819000951A57 /* iOS Example.app */ = {isa = PBXFileReference; explicitFileType = wrapper.application; includeInIndex = 0; path = "iOS Example.app"; sourceTree = BUILT_PRODUCTS_DIR; };
		9A2555A61C83819000951A57 /* AppDelegate.swift */ = {isa = PBXFileReference; lastKnownFileType = sourcecode.swift; path = AppDelegate.swift; sourceTree = "<group>"; };
		9A2555A81C83819000951A57 /* ViewController.swift */ = {isa = PBXFileReference; lastKnownFileType = sourcecode.swift; path = ViewController.swift; sourceTree = "<group>"; };
		9A2555AB1C83819000951A57 /* Base */ = {isa = PBXFileReference; lastKnownFileType = file.storyboard; name = Base; path = Base.lproj/Main.storyboard; sourceTree = "<group>"; };
		9A2555AD1C83819000951A57 /* Assets.xcassets */ = {isa = PBXFileReference; lastKnownFileType = folder.assetcatalog; path = Assets.xcassets; sourceTree = "<group>"; };
		9A2555B01C83819000951A57 /* Base */ = {isa = PBXFileReference; lastKnownFileType = file.storyboard; name = Base; path = Base.lproj/LaunchScreen.storyboard; sourceTree = "<group>"; };
		9A2555B21C83819000951A57 /* Info.plist */ = {isa = PBXFileReference; lastKnownFileType = text.plist.xml; path = Info.plist; sourceTree = "<group>"; };
		9A2555B81C83819D00951A57 /* MOONGraphView.swift */ = {isa = PBXFileReference; fileEncoding = 4; lastKnownFileType = sourcecode.swift; path = MOONGraphView.swift; sourceTree = "<group>"; };
/* End PBXFileReference section */

/* Begin PBXFrameworksBuildPhase section */
		9A2555A01C83819000951A57 /* Frameworks */ = {
			isa = PBXFrameworksBuildPhase;
			buildActionMask = 2147483647;
			files = (
			);
			runOnlyForDeploymentPostprocessing = 0;
		};
/* End PBXFrameworksBuildPhase section */

/* Begin PBXGroup section */
		9A25559A1C83819000951A57 = {
			isa = PBXGroup;
			children = (
				9A2555A51C83819000951A57 /* iOS Example */,
				9A2555A41C83819000951A57 /* Products */,
			);
			sourceTree = "<group>";
		};
		9A2555A41C83819000951A57 /* Products */ = {
			isa = PBXGroup;
			children = (
				9A2555A31C83819000951A57 /* iOS Example.app */,
			);
			name = Products;
			sourceTree = "<group>";
		};
		9A2555A51C83819000951A57 /* iOS Example */ = {
			isa = PBXGroup;
			children = (
				9A2555A81C83819000951A57 /* ViewController.swift */,
				9A2555B81C83819D00951A57 /* MOONGraphView.swift */,
				9A2555AA1C83819000951A57 /* Main.storyboard */,
				9A2555BA1C83836500951A57 /* Supporting Files */,
			);
			path = "iOS Example";
			sourceTree = "<group>";
		};
		9A2555BA1C83836500951A57 /* Supporting Files */ = {
			isa = PBXGroup;
			children = (
				9A2555AD1C83819000951A57 /* Assets.xcassets */,
				9A2555A61C83819000951A57 /* AppDelegate.swift */,
				9A2555AF1C83819000951A57 /* LaunchScreen.storyboard */,
				9A2555B21C83819000951A57 /* Info.plist */,
			);
			name = "Supporting Files";
			sourceTree = "<group>";
		};
/* End PBXGroup section */

/* Begin PBXNativeTarget section */
		9A2555A21C83819000951A57 /* iOS Example */ = {
			isa = PBXNativeTarget;
			buildConfigurationList = 9A2555B51C83819000951A57 /* Build configuration list for PBXNativeTarget "iOS Example" */;
			buildPhases = (
				9A25559F1C83819000951A57 /* Sources */,
				9A2555A01C83819000951A57 /* Frameworks */,
				9A2555A11C83819000951A57 /* Resources */,
			);
			buildRules = (
			);
			dependencies = (
			);
			name = "iOS Example";
			productName = "iOS Example";
			productReference = 9A2555A31C83819000951A57 /* iOS Example.app */;
			productType = "com.apple.product-type.application";
		};
/* End PBXNativeTarget section */

/* Begin PBXProject section */
		9A25559B1C83819000951A57 /* Project object */ = {
			isa = PBXProject;
			attributes = {
				LastSwiftUpdateCheck = 0720;
				LastUpgradeCheck = 0720;
				ORGANIZATIONNAME = "MOON Wearables";
				TargetAttributes = {
					9A2555A21C83819000951A57 = {
						CreatedOnToolsVersion = 7.2.1;
					};
				};
			};
			buildConfigurationList = 9A25559E1C83819000951A57 /* Build configuration list for PBXProject "iOS Example" */;
			compatibilityVersion = "Xcode 3.2";
			developmentRegion = English;
			hasScannedForEncodings = 0;
			knownRegions = (
				en,
				Base,
			);
			mainGroup = 9A25559A1C83819000951A57;
			productRefGroup = 9A2555A41C83819000951A57 /* Products */;
			projectDirPath = "";
			projectRoot = "";
			targets = (
				9A2555A21C83819000951A57 /* iOS Example */,
			);
		};
/* End PBXProject section */

/* Begin PBXResourcesBuildPhase section */
		9A2555A11C83819000951A57 /* Resources */ = {
			isa = PBXResourcesBuildPhase;
			buildActionMask = 2147483647;
			files = (
				9A2555B11C83819000951A57 /* LaunchScreen.storyboard in Resources */,
				9A2555AE1C83819000951A57 /* Assets.xcassets in Resources */,
				9A2555AC1C83819000951A57 /* Main.storyboard in Resources */,
			);
			runOnlyForDeploymentPostprocessing = 0;
		};
/* End PBXResourcesBuildPhase section */

/* Begin PBXSourcesBuildPhase section */
		9A25559F1C83819000951A57 /* Sources */ = {
			isa = PBXSourcesBuildPhase;
			buildActionMask = 2147483647;
			files = (
				9A2555B91C83819D00951A57 /* MOONGraphView.swift in Sources */,
				9A2555A91C83819000951A57 /* ViewController.swift in Sources */,
				9A2555A71C83819000951A57 /* AppDelegate.swift in Sources */,
			);
			runOnlyForDeploymentPostprocessing = 0;
		};
/* End PBXSourcesBuildPhase section */

/* Begin PBXVariantGroup section */
		9A2555AA1C83819000951A57 /* Main.storyboard */ = {
			isa = PBXVariantGroup;
			children = (
				9A2555AB1C83819000951A57 /* Base */,
			);
			name = Main.storyboard;
			sourceTree = "<group>";
		};
		9A2555AF1C83819000951A57 /* LaunchScreen.storyboard */ = {
			isa = PBXVariantGroup;
			children = (
				9A2555B01C83819000951A57 /* Base */,
			);
			name = LaunchScreen.storyboard;
			sourceTree = "<group>";
		};
/* End PBXVariantGroup section */

/* Begin XCBuildConfiguration section */
		9A2555B31C83819000951A57 /* Debug */ = {
			isa = XCBuildConfiguration;
			buildSettings = {
				ALWAYS_SEARCH_USER_PATHS = NO;
				CLANG_CXX_LANGUAGE_STANDARD = "gnu++0x";
				CLANG_CXX_LIBRARY = "libc++";
				CLANG_ENABLE_MODULES = YES;
				CLANG_ENABLE_OBJC_ARC = YES;
				CLANG_WARN_BOOL_CONVERSION = YES;
				CLANG_WARN_CONSTANT_CONVERSION = YES;
				CLANG_WARN_DIRECT_OBJC_ISA_USAGE = YES_ERROR;
				CLANG_WARN_EMPTY_BODY = YES;
				CLANG_WARN_ENUM_CONVERSION = YES;
				CLANG_WARN_INT_CONVERSION = YES;
				CLANG_WARN_OBJC_ROOT_CLASS = YES_ERROR;
				CLANG_WARN_UNREACHABLE_CODE = YES;
				CLANG_WARN__DUPLICATE_METHOD_MATCH = YES;
				"CODE_SIGN_IDENTITY[sdk=iphoneos*]" = "iPhone Developer";
				COPY_PHASE_STRIP = NO;
				DEBUG_INFORMATION_FORMAT = dwarf;
				ENABLE_STRICT_OBJC_MSGSEND = YES;
				ENABLE_TESTABILITY = YES;
				GCC_C_LANGUAGE_STANDARD = gnu99;
				GCC_DYNAMIC_NO_PIC = NO;
				GCC_NO_COMMON_BLOCKS = YES;
				GCC_OPTIMIZATION_LEVEL = 0;
				GCC_PREPROCESSOR_DEFINITIONS = (
					"DEBUG=1",
					"$(inherited)",
				);
				GCC_WARN_64_TO_32_BIT_CONVERSION = YES;
				GCC_WARN_ABOUT_RETURN_TYPE = YES_ERROR;
				GCC_WARN_UNDECLARED_SELECTOR = YES;
				GCC_WARN_UNINITIALIZED_AUTOS = YES_AGGRESSIVE;
				GCC_WARN_UNUSED_FUNCTION = YES;
				GCC_WARN_UNUSED_VARIABLE = YES;
				IPHONEOS_DEPLOYMENT_TARGET = 9.2;
				MTL_ENABLE_DEBUG_INFO = YES;
				ONLY_ACTIVE_ARCH = YES;
				SDKROOT = iphoneos;
				SWIFT_OPTIMIZATION_LEVEL = "-Onone";
				TARGETED_DEVICE_FAMILY = "1,2";
			};
			name = Debug;
		};
		9A2555B41C83819000951A57 /* Release */ = {
			isa = XCBuildConfiguration;
			buildSettings = {
				ALWAYS_SEARCH_USER_PATHS = NO;
				CLANG_CXX_LANGUAGE_STANDARD = "gnu++0x";
				CLANG_CXX_LIBRARY = "libc++";
				CLANG_ENABLE_MODULES = YES;
				CLANG_ENABLE_OBJC_ARC = YES;
				CLANG_WARN_BOOL_CONVERSION = YES;
				CLANG_WARN_CONSTANT_CONVERSION = YES;
				CLANG_WARN_DIRECT_OBJC_ISA_USAGE = YES_ERROR;
				CLANG_WARN_EMPTY_BODY = YES;
				CLANG_WARN_ENUM_CONVERSION = YES;
				CLANG_WARN_INT_CONVERSION = YES;
				CLANG_WARN_OBJC_ROOT_CLASS = YES_ERROR;
				CLANG_WARN_UNREACHABLE_CODE = YES;
				CLANG_WARN__DUPLICATE_METHOD_MATCH = YES;
				"CODE_SIGN_IDENTITY[sdk=iphoneos*]" = "iPhone Developer";
				COPY_PHASE_STRIP = NO;
				DEBUG_INFORMATION_FORMAT = "dwarf-with-dsym";
				ENABLE_NS_ASSERTIONS = NO;
				ENABLE_STRICT_OBJC_MSGSEND = YES;
				GCC_C_LANGUAGE_STANDARD = gnu99;
				GCC_NO_COMMON_BLOCKS = YES;
				GCC_WARN_64_TO_32_BIT_CONVERSION = YES;
				GCC_WARN_ABOUT_RETURN_TYPE = YES_ERROR;
				GCC_WARN_UNDECLARED_SELECTOR = YES;
				GCC_WARN_UNINITIALIZED_AUTOS = YES_AGGRESSIVE;
				GCC_WARN_UNUSED_FUNCTION = YES;
				GCC_WARN_UNUSED_VARIABLE = YES;
				IPHONEOS_DEPLOYMENT_TARGET = 9.2;
				MTL_ENABLE_DEBUG_INFO = NO;
				SDKROOT = iphoneos;
				TARGETED_DEVICE_FAMILY = "1,2";
				VALIDATE_PRODUCT = YES;
			};
			name = Release;
		};
		9A2555B61C83819000951A57 /* Debug */ = {
			isa = XCBuildConfiguration;
			buildSettings = {
				ASSETCATALOG_COMPILER_APPICON_NAME = AppIcon;
				INFOPLIST_FILE = "iOS Example/Info.plist";
				LD_RUNPATH_SEARCH_PATHS = "$(inherited) @executable_path/Frameworks";
				PRODUCT_BUNDLE_IDENTIFIER = "com.moonwearables.iOS-Example";
				PRODUCT_NAME = "$(TARGET_NAME)";
			};
			name = Debug;
		};
		9A2555B71C83819000951A57 /* Release */ = {
			isa = XCBuildConfiguration;
			buildSettings = {
				ASSETCATALOG_COMPILER_APPICON_NAME = AppIcon;
				INFOPLIST_FILE = "iOS Example/Info.plist";
				LD_RUNPATH_SEARCH_PATHS = "$(inherited) @executable_path/Frameworks";
				PRODUCT_BUNDLE_IDENTIFIER = "com.moonwearables.iOS-Example";
				PRODUCT_NAME = "$(TARGET_NAME)";
			};
			name = Release;
		};
/* End XCBuildConfiguration section */

/* Begin XCConfigurationList section */
		9A25559E1C83819000951A57 /* Build configuration list for PBXProject "iOS Example" */ = {
			isa = XCConfigurationList;
			buildConfigurations = (
				9A2555B31C83819000951A57 /* Debug */,
				9A2555B41C83819000951A57 /* Release */,
			);
			defaultConfigurationIsVisible = 0;
			defaultConfigurationName = Release;
		};
		9A2555B51C83819000951A57 /* Build configuration list for PBXNativeTarget "iOS Example" */ = {
			isa = XCConfigurationList;
			buildConfigurations = (
				9A2555B61C83819000951A57 /* Debug */,
				9A2555B71C83819000951A57 /* Release */,
			);
			defaultConfigurationIsVisible = 0;
		};
/* End XCConfigurationList section */
	};
	rootObject = 9A25559B1C83819000951A57 /* Project object */;
}
